// !$*UTF8*$!
{
	archiveVersion = 1;
	classes = {
	};
	objectVersion = 77;
	objects = {

/* Begin PBXBuildFile section */
		817589BD2CBF01B8009A9C3D /* .gitignore in Resources */ = {isa = PBXBuildFile; fileRef = 817589BC2CBF01B8009A9C3D /* .gitignore */; };
/* End PBXBuildFile section */

/* Begin PBXContainerItemProxy section */
		817EE12F2CAB040A0060C583 /* PBXContainerItemProxy */ = {
			isa = PBXContainerItemProxy;
			containerPortal = 817EE1162CAB04090060C583 /* Project object */;
			proxyType = 1;
			remoteGlobalIDString = 817EE11D2CAB04090060C583;
			remoteInfo = CollectIndex;
		};
		817EE1392CAB040A0060C583 /* PBXContainerItemProxy */ = {
			isa = PBXContainerItemProxy;
			containerPortal = 817EE1162CAB04090060C583 /* Project object */;
			proxyType = 1;
			remoteGlobalIDString = 817EE11D2CAB04090060C583;
			remoteInfo = CollectIndex;
		};
/* End PBXContainerItemProxy section */

/* Begin PBXFileReference section */
		817589BC2CBF01B8009A9C3D /* .gitignore */ = {isa = PBXFileReference; lastKnownFileType = text; path = .gitignore; sourceTree = "<group>"; };
		817EE11E2CAB04090060C583 /* CollectIndex.app */ = {isa = PBXFileReference; explicitFileType = wrapper.application; includeInIndex = 0; path = CollectIndex.app; sourceTree = BUILT_PRODUCTS_DIR; };
		817EE12E2CAB040A0060C583 /* CollectIndexTests.xctest */ = {isa = PBXFileReference; explicitFileType = wrapper.cfbundle; includeInIndex = 0; path = CollectIndexTests.xctest; sourceTree = BUILT_PRODUCTS_DIR; };
		817EE1382CAB040A0060C583 /* CollectIndexUITests.xctest */ = {isa = PBXFileReference; explicitFileType = wrapper.cfbundle; includeInIndex = 0; path = CollectIndexUITests.xctest; sourceTree = BUILT_PRODUCTS_DIR; };
/* End PBXFileReference section */

/* Begin PBXFileSystemSynchronizedBuildFileExceptionSet section */
		811BC8562CEAA71F0085A072 /* Exceptions for "CollectIndex" folder in "CollectIndex" target */ = {
			isa = PBXFileSystemSynchronizedBuildFileExceptionSet;
			membershipExceptions = (
				Info.plist,
			);
			target = 817EE11D2CAB04090060C583 /* CollectIndex */;
		};
/* End PBXFileSystemSynchronizedBuildFileExceptionSet section */

/* Begin PBXFileSystemSynchronizedRootGroup section */
		817EE1202CAB04090060C583 /* CollectIndex */ = {
			isa = PBXFileSystemSynchronizedRootGroup;
			exceptions = (
				811BC8562CEAA71F0085A072 /* Exceptions for "CollectIndex" folder in "CollectIndex" target */,
			);
			path = CollectIndex;
			sourceTree = "<group>";
		};
		817EE1312CAB040A0060C583 /* CollectIndexTests */ = {
			isa = PBXFileSystemSynchronizedRootGroup;
			path = CollectIndexTests;
			sourceTree = "<group>";
		};
		817EE13B2CAB040A0060C583 /* CollectIndexUITests */ = {
			isa = PBXFileSystemSynchronizedRootGroup;
			path = CollectIndexUITests;
			sourceTree = "<group>";
		};
/* End PBXFileSystemSynchronizedRootGroup section */

/* Begin PBXFrameworksBuildPhase section */
		817EE11B2CAB04090060C583 /* Frameworks */ = {
			isa = PBXFrameworksBuildPhase;
			buildActionMask = 2147483647;
			files = (
			);
			runOnlyForDeploymentPostprocessing = 0;
		};
		817EE12B2CAB040A0060C583 /* Frameworks */ = {
			isa = PBXFrameworksBuildPhase;
			buildActionMask = 2147483647;
			files = (
			);
			runOnlyForDeploymentPostprocessing = 0;
		};
		817EE1352CAB040A0060C583 /* Frameworks */ = {
			isa = PBXFrameworksBuildPhase;
			buildActionMask = 2147483647;
			files = (
			);
			runOnlyForDeploymentPostprocessing = 0;
		};
/* End PBXFrameworksBuildPhase section */

/* Begin PBXGroup section */
		817EE1152CAB04090060C583 = {
			isa = PBXGroup;
			children = (
				817589BC2CBF01B8009A9C3D /* .gitignore */,
				817EE1202CAB04090060C583 /* CollectIndex */,
				817EE1312CAB040A0060C583 /* CollectIndexTests */,
				817EE13B2CAB040A0060C583 /* CollectIndexUITests */,
				817EE11F2CAB04090060C583 /* Products */,
			);
			sourceTree = "<group>";
		};
		817EE11F2CAB04090060C583 /* Products */ = {
			isa = PBXGroup;
			children = (
				817EE11E2CAB04090060C583 /* CollectIndex.app */,
				817EE12E2CAB040A0060C583 /* CollectIndexTests.xctest */,
				817EE1382CAB040A0060C583 /* CollectIndexUITests.xctest */,
			);
			name = Products;
			sourceTree = "<group>";
		};
/* End PBXGroup section */

/* Begin PBXNativeTarget section */
		817EE11D2CAB04090060C583 /* CollectIndex */ = {
			isa = PBXNativeTarget;
			buildConfigurationList = 817EE1422CAB040A0060C583 /* Build configuration list for PBXNativeTarget "CollectIndex" */;
			buildPhases = (
				817EE11A2CAB04090060C583 /* Sources */,
				817EE11B2CAB04090060C583 /* Frameworks */,
				817EE11C2CAB04090060C583 /* Resources */,
			);
			buildRules = (
			);
			dependencies = (
			);
			fileSystemSynchronizedGroups = (
				817EE1202CAB04090060C583 /* CollectIndex */,
			);
			name = CollectIndex;
			packageProductDependencies = (
			);
			productName = CollectIndex;
			productReference = 817EE11E2CAB04090060C583 /* CollectIndex.app */;
			productType = "com.apple.product-type.application";
		};
		817EE12D2CAB040A0060C583 /* CollectIndexTests */ = {
			isa = PBXNativeTarget;
			buildConfigurationList = 817EE1452CAB040A0060C583 /* Build configuration list for PBXNativeTarget "CollectIndexTests" */;
			buildPhases = (
				817EE12A2CAB040A0060C583 /* Sources */,
				817EE12B2CAB040A0060C583 /* Frameworks */,
				817EE12C2CAB040A0060C583 /* Resources */,
			);
			buildRules = (
			);
			dependencies = (
				817EE1302CAB040A0060C583 /* PBXTargetDependency */,
			);
			fileSystemSynchronizedGroups = (
				817EE1312CAB040A0060C583 /* CollectIndexTests */,
			);
			name = CollectIndexTests;
			packageProductDependencies = (
			);
			productName = CollectIndexTests;
			productReference = 817EE12E2CAB040A0060C583 /* CollectIndexTests.xctest */;
			productType = "com.apple.product-type.bundle.unit-test";
		};
		817EE1372CAB040A0060C583 /* CollectIndexUITests */ = {
			isa = PBXNativeTarget;
			buildConfigurationList = 817EE1482CAB040A0060C583 /* Build configuration list for PBXNativeTarget "CollectIndexUITests" */;
			buildPhases = (
				817EE1342CAB040A0060C583 /* Sources */,
				817EE1352CAB040A0060C583 /* Frameworks */,
				817EE1362CAB040A0060C583 /* Resources */,
			);
			buildRules = (
			);
			dependencies = (
				817EE13A2CAB040A0060C583 /* PBXTargetDependency */,
			);
			fileSystemSynchronizedGroups = (
				817EE13B2CAB040A0060C583 /* CollectIndexUITests */,
			);
			name = CollectIndexUITests;
			packageProductDependencies = (
			);
			productName = CollectIndexUITests;
			productReference = 817EE1382CAB040A0060C583 /* CollectIndexUITests.xctest */;
			productType = "com.apple.product-type.bundle.ui-testing";
		};
/* End PBXNativeTarget section */

/* Begin PBXProject section */
		817EE1162CAB04090060C583 /* Project object */ = {
			isa = PBXProject;
			attributes = {
				BuildIndependentTargetsInParallel = 1;
				LastSwiftUpdateCheck = 1600;
				LastUpgradeCheck = 1600;
				TargetAttributes = {
					817EE11D2CAB04090060C583 = {
						CreatedOnToolsVersion = 16.0;
					};
					817EE12D2CAB040A0060C583 = {
						CreatedOnToolsVersion = 16.0;
						TestTargetID = 817EE11D2CAB04090060C583;
					};
					817EE1372CAB040A0060C583 = {
						CreatedOnToolsVersion = 16.0;
						TestTargetID = 817EE11D2CAB04090060C583;
					};
				};
			};
			buildConfigurationList = 817EE1192CAB04090060C583 /* Build configuration list for PBXProject "CollectIndex" */;
			developmentRegion = en;
			hasScannedForEncodings = 0;
			knownRegions = (
				en,
				Base,
			);
			mainGroup = 817EE1152CAB04090060C583;
			minimizedProjectReferenceProxies = 1;
			preferredProjectObjectVersion = 77;
			productRefGroup = 817EE11F2CAB04090060C583 /* Products */;
			projectDirPath = "";
			projectRoot = "";
			targets = (
				817EE11D2CAB04090060C583 /* CollectIndex */,
				817EE12D2CAB040A0060C583 /* CollectIndexTests */,
				817EE1372CAB040A0060C583 /* CollectIndexUITests */,
			);
		};
/* End PBXProject section */

/* Begin PBXResourcesBuildPhase section */
		817EE11C2CAB04090060C583 /* Resources */ = {
			isa = PBXResourcesBuildPhase;
			buildActionMask = 2147483647;
			files = (
				817589BD2CBF01B8009A9C3D /* .gitignore in Resources */,
			);
			runOnlyForDeploymentPostprocessing = 0;
		};
		817EE12C2CAB040A0060C583 /* Resources */ = {
			isa = PBXResourcesBuildPhase;
			buildActionMask = 2147483647;
			files = (
			);
			runOnlyForDeploymentPostprocessing = 0;
		};
		817EE1362CAB040A0060C583 /* Resources */ = {
			isa = PBXResourcesBuildPhase;
			buildActionMask = 2147483647;
			files = (
			);
			runOnlyForDeploymentPostprocessing = 0;
		};
/* End PBXResourcesBuildPhase section */

/* Begin PBXSourcesBuildPhase section */
		817EE11A2CAB04090060C583 /* Sources */ = {
			isa = PBXSourcesBuildPhase;
			buildActionMask = 2147483647;
			files = (
			);
			runOnlyForDeploymentPostprocessing = 0;
		};
		817EE12A2CAB040A0060C583 /* Sources */ = {
			isa = PBXSourcesBuildPhase;
			buildActionMask = 2147483647;
			files = (
			);
			runOnlyForDeploymentPostprocessing = 0;
		};
		817EE1342CAB040A0060C583 /* Sources */ = {
			isa = PBXSourcesBuildPhase;
			buildActionMask = 2147483647;
			files = (
			);
			runOnlyForDeploymentPostprocessing = 0;
		};
/* End PBXSourcesBuildPhase section */

/* Begin PBXTargetDependency section */
		817EE1302CAB040A0060C583 /* PBXTargetDependency */ = {
			isa = PBXTargetDependency;
			target = 817EE11D2CAB04090060C583 /* CollectIndex */;
			targetProxy = 817EE12F2CAB040A0060C583 /* PBXContainerItemProxy */;
		};
		817EE13A2CAB040A0060C583 /* PBXTargetDependency */ = {
			isa = PBXTargetDependency;
			target = 817EE11D2CAB04090060C583 /* CollectIndex */;
			targetProxy = 817EE1392CAB040A0060C583 /* PBXContainerItemProxy */;
		};
/* End PBXTargetDependency section */

/* Begin XCBuildConfiguration section */
		817EE1402CAB040A0060C583 /* Debug */ = {
			isa = XCBuildConfiguration;
			buildSettings = {
				ALWAYS_SEARCH_USER_PATHS = NO;
				ASSETCATALOG_COMPILER_GENERATE_SWIFT_ASSET_SYMBOL_EXTENSIONS = YES;
				CLANG_ANALYZER_NONNULL = YES;
				CLANG_ANALYZER_NUMBER_OBJECT_CONVERSION = YES_AGGRESSIVE;
				CLANG_CXX_LANGUAGE_STANDARD = "gnu++20";
				CLANG_ENABLE_MODULES = YES;
				CLANG_ENABLE_OBJC_ARC = YES;
				CLANG_ENABLE_OBJC_WEAK = YES;
				CLANG_WARN_BLOCK_CAPTURE_AUTORELEASING = YES;
				CLANG_WARN_BOOL_CONVERSION = YES;
				CLANG_WARN_COMMA = YES;
				CLANG_WARN_CONSTANT_CONVERSION = YES;
				CLANG_WARN_DEPRECATED_OBJC_IMPLEMENTATIONS = YES;
				CLANG_WARN_DIRECT_OBJC_ISA_USAGE = YES_ERROR;
				CLANG_WARN_DOCUMENTATION_COMMENTS = YES;
				CLANG_WARN_EMPTY_BODY = YES;
				CLANG_WARN_ENUM_CONVERSION = YES;
				CLANG_WARN_INFINITE_RECURSION = YES;
				CLANG_WARN_INT_CONVERSION = YES;
				CLANG_WARN_NON_LITERAL_NULL_CONVERSION = YES;
				CLANG_WARN_OBJC_IMPLICIT_RETAIN_SELF = YES;
				CLANG_WARN_OBJC_LITERAL_CONVERSION = YES;
				CLANG_WARN_OBJC_ROOT_CLASS = YES_ERROR;
				CLANG_WARN_QUOTED_INCLUDE_IN_FRAMEWORK_HEADER = YES;
				CLANG_WARN_RANGE_LOOP_ANALYSIS = YES;
				CLANG_WARN_STRICT_PROTOTYPES = YES;
				CLANG_WARN_SUSPICIOUS_MOVE = YES;
				CLANG_WARN_UNGUARDED_AVAILABILITY = YES_AGGRESSIVE;
				CLANG_WARN_UNREACHABLE_CODE = YES;
				CLANG_WARN__DUPLICATE_METHOD_MATCH = YES;
				COPY_PHASE_STRIP = NO;
				DEBUG_INFORMATION_FORMAT = dwarf;
				ENABLE_STRICT_OBJC_MSGSEND = YES;
				ENABLE_TESTABILITY = YES;
				ENABLE_USER_SCRIPT_SANDBOXING = YES;
				GCC_C_LANGUAGE_STANDARD = gnu17;
				GCC_DYNAMIC_NO_PIC = NO;
				GCC_NO_COMMON_BLOCKS = YES;
				GCC_OPTIMIZATION_LEVEL = 0;
				GCC_PREPROCESSOR_DEFINITIONS = (
					"DEBUG=1",
					"$(inherited)",
				);
				GCC_WARN_64_TO_32_BIT_CONVERSION = YES;
				GCC_WARN_ABOUT_RETURN_TYPE = YES_ERROR;
				GCC_WARN_UNDECLARED_SELECTOR = YES;
				GCC_WARN_UNINITIALIZED_AUTOS = YES_AGGRESSIVE;
				GCC_WARN_UNUSED_FUNCTION = YES;
				GCC_WARN_UNUSED_VARIABLE = YES;
				IPHONEOS_DEPLOYMENT_TARGET = 18.0;
				LOCALIZATION_PREFERS_STRING_CATALOGS = YES;
				MTL_ENABLE_DEBUG_INFO = INCLUDE_SOURCE;
				MTL_FAST_MATH = YES;
				ONLY_ACTIVE_ARCH = YES;
				SDKROOT = iphoneos;
				SWIFT_ACTIVE_COMPILATION_CONDITIONS = "DEBUG $(inherited)";
				SWIFT_OPTIMIZATION_LEVEL = "-Onone";
			};
			name = Debug;
		};
		817EE1412CAB040A0060C583 /* Release */ = {
			isa = XCBuildConfiguration;
			buildSettings = {
				ALWAYS_SEARCH_USER_PATHS = NO;
				ASSETCATALOG_COMPILER_GENERATE_SWIFT_ASSET_SYMBOL_EXTENSIONS = YES;
				CLANG_ANALYZER_NONNULL = YES;
				CLANG_ANALYZER_NUMBER_OBJECT_CONVERSION = YES_AGGRESSIVE;
				CLANG_CXX_LANGUAGE_STANDARD = "gnu++20";
				CLANG_ENABLE_MODULES = YES;
				CLANG_ENABLE_OBJC_ARC = YES;
				CLANG_ENABLE_OBJC_WEAK = YES;
				CLANG_WARN_BLOCK_CAPTURE_AUTORELEASING = YES;
				CLANG_WARN_BOOL_CONVERSION = YES;
				CLANG_WARN_COMMA = YES;
				CLANG_WARN_CONSTANT_CONVERSION = YES;
				CLANG_WARN_DEPRECATED_OBJC_IMPLEMENTATIONS = YES;
				CLANG_WARN_DIRECT_OBJC_ISA_USAGE = YES_ERROR;
				CLANG_WARN_DOCUMENTATION_COMMENTS = YES;
				CLANG_WARN_EMPTY_BODY = YES;
				CLANG_WARN_ENUM_CONVERSION = YES;
				CLANG_WARN_INFINITE_RECURSION = YES;
				CLANG_WARN_INT_CONVERSION = YES;
				CLANG_WARN_NON_LITERAL_NULL_CONVERSION = YES;
				CLANG_WARN_OBJC_IMPLICIT_RETAIN_SELF = YES;
				CLANG_WARN_OBJC_LITERAL_CONVERSION = YES;
				CLANG_WARN_OBJC_ROOT_CLASS = YES_ERROR;
				CLANG_WARN_QUOTED_INCLUDE_IN_FRAMEWORK_HEADER = YES;
				CLANG_WARN_RANGE_LOOP_ANALYSIS = YES;
				CLANG_WARN_STRICT_PROTOTYPES = YES;
				CLANG_WARN_SUSPICIOUS_MOVE = YES;
				CLANG_WARN_UNGUARDED_AVAILABILITY = YES_AGGRESSIVE;
				CLANG_WARN_UNREACHABLE_CODE = YES;
				CLANG_WARN__DUPLICATE_METHOD_MATCH = YES;
				COPY_PHASE_STRIP = NO;
				DEBUG_INFORMATION_FORMAT = "dwarf-with-dsym";
				ENABLE_NS_ASSERTIONS = NO;
				ENABLE_STRICT_OBJC_MSGSEND = YES;
				ENABLE_USER_SCRIPT_SANDBOXING = YES;
				GCC_C_LANGUAGE_STANDARD = gnu17;
				GCC_NO_COMMON_BLOCKS = YES;
				GCC_WARN_64_TO_32_BIT_CONVERSION = YES;
				GCC_WARN_ABOUT_RETURN_TYPE = YES_ERROR;
				GCC_WARN_UNDECLARED_SELECTOR = YES;
				GCC_WARN_UNINITIALIZED_AUTOS = YES_AGGRESSIVE;
				GCC_WARN_UNUSED_FUNCTION = YES;
				GCC_WARN_UNUSED_VARIABLE = YES;
				IPHONEOS_DEPLOYMENT_TARGET = 18.0;
				LOCALIZATION_PREFERS_STRING_CATALOGS = YES;
				MTL_ENABLE_DEBUG_INFO = NO;
				MTL_FAST_MATH = YES;
				SDKROOT = iphoneos;
				SWIFT_COMPILATION_MODE = wholemodule;
				VALIDATE_PRODUCT = YES;
			};
			name = Release;
		};
		817EE1432CAB040A0060C583 /* Debug */ = {
			isa = XCBuildConfiguration;
			buildSettings = {
				ASSETCATALOG_COMPILER_APPICON_NAME = AppIcon;
				ASSETCATALOG_COMPILER_GLOBAL_ACCENT_COLOR_NAME = AccentColor;
				CODE_SIGN_STYLE = Automatic;
				CURRENT_PROJECT_VERSION = 1;
				DEVELOPMENT_ASSET_PATHS = "\"CollectIndex/Preview Content\"";
				DEVELOPMENT_TEAM = TD3WVYS663;
				ENABLE_PREVIEWS = YES;
				GENERATE_INFOPLIST_FILE = YES;
				INFOPLIST_FILE = CollectIndex/Info.plist;
				INFOPLIST_KEY_NSCameraUsageDescription = "This app needs to capture image to show in the app.";
				INFOPLIST_KEY_UIApplicationSupportsIndirectInputEvents = YES;
				INFOPLIST_KEY_UISupportedInterfaceOrientations = UIInterfaceOrientationPortrait;
				INFOPLIST_KEY_UIUserInterfaceStyle = Light;
				IPHONEOS_DEPLOYMENT_TARGET = 17.0;
				LD_RUNPATH_SEARCH_PATHS = (
					"$(inherited)",
					"@executable_path/Frameworks",
				);
				MARKETING_VERSION = 1.1;
				PRODUCT_BUNDLE_IDENTIFIER = com.spd.CollectIndex;
				PRODUCT_NAME = "$(TARGET_NAME)";
				SWIFT_EMIT_LOC_STRINGS = YES;
				SWIFT_VERSION = 5.0;
				TARGETED_DEVICE_FAMILY = "1,2";
			};
			name = Debug;
		};
		817EE1442CAB040A0060C583 /* Release */ = {
			isa = XCBuildConfiguration;
			buildSettings = {
				ASSETCATALOG_COMPILER_APPICON_NAME = AppIcon;
				ASSETCATALOG_COMPILER_GLOBAL_ACCENT_COLOR_NAME = AccentColor;
				CODE_SIGN_STYLE = Automatic;
				CURRENT_PROJECT_VERSION = 1;
				DEVELOPMENT_ASSET_PATHS = "\"CollectIndex/Preview Content\"";
				DEVELOPMENT_TEAM = TD3WVYS663;
				ENABLE_PREVIEWS = YES;
				GENERATE_INFOPLIST_FILE = YES;
				INFOPLIST_FILE = CollectIndex/Info.plist;
				INFOPLIST_KEY_NSCameraUsageDescription = "This app needs to capture image to show in the app.";
				INFOPLIST_KEY_UIApplicationSupportsIndirectInputEvents = YES;
				INFOPLIST_KEY_UISupportedInterfaceOrientations = UIInterfaceOrientationPortrait;
				INFOPLIST_KEY_UIUserInterfaceStyle = Light;
				IPHONEOS_DEPLOYMENT_TARGET = 17.0;
				LD_RUNPATH_SEARCH_PATHS = (
					"$(inherited)",
					"@executable_path/Frameworks",
				);
				MARKETING_VERSION = 1.1;
				PRODUCT_BUNDLE_IDENTIFIER = com.spd.CollectIndex;
				PRODUCT_NAME = "$(TARGET_NAME)";
				SWIFT_EMIT_LOC_STRINGS = YES;
				SWIFT_VERSION = 5.0;
				TARGETED_DEVICE_FAMILY = "1,2";
			};
			name = Release;
		};
		817EE1462CAB040A0060C583 /* Debug */ = {
			isa = XCBuildConfiguration;
			buildSettings = {
				BUNDLE_LOADER = "$(TEST_HOST)";
				CODE_SIGN_STYLE = Automatic;
				CURRENT_PROJECT_VERSION = 1;
				DEVELOPMENT_TEAM = 579PX8SUNC;
				GENERATE_INFOPLIST_FILE = YES;
				IPHONEOS_DEPLOYMENT_TARGET = 18.0;
				MARKETING_VERSION = 1.0;
				PRODUCT_BUNDLE_IDENTIFIER = com.spd.CollectIndexTests;
				PRODUCT_NAME = "$(TARGET_NAME)";
				SWIFT_EMIT_LOC_STRINGS = NO;
				SWIFT_VERSION = 5.0;
				TARGETED_DEVICE_FAMILY = "1,2";
				TEST_HOST = "$(BUILT_PRODUCTS_DIR)/CollectIndex.app/$(BUNDLE_EXECUTABLE_FOLDER_PATH)/CollectIndex";
			};
			name = Debug;
		};
		817EE1472CAB040A0060C583 /* Release */ = {
			isa = XCBuildConfiguration;
			buildSettings = {
				BUNDLE_LOADER = "$(TEST_HOST)";
				CODE_SIGN_STYLE = Automatic;
				CURRENT_PROJECT_VERSION = 1;
				DEVELOPMENT_TEAM = 579PX8SUNC;
				GENERATE_INFOPLIST_FILE = YES;
				IPHONEOS_DEPLOYMENT_TARGET = 18.0;
				MARKETING_VERSION = 1.0;
				PRODUCT_BUNDLE_IDENTIFIER = com.spd.CollectIndexTests;
				PRODUCT_NAME = "$(TARGET_NAME)";
				SWIFT_EMIT_LOC_STRINGS = NO;
				SWIFT_VERSION = 5.0;
				TARGETED_DEVICE_FAMILY = "1,2";
				TEST_HOST = "$(BUILT_PRODUCTS_DIR)/CollectIndex.app/$(BUNDLE_EXECUTABLE_FOLDER_PATH)/CollectIndex";
			};
			name = Release;
		};
		817EE1492CAB040A0060C583 /* Debug */ = {
			isa = XCBuildConfiguration;
			buildSettings = {
				CODE_SIGN_STYLE = Automatic;
				CURRENT_PROJECT_VERSION = 1;
				DEVELOPMENT_TEAM = 579PX8SUNC;
				GENERATE_INFOPLIST_FILE = YES;
				MARKETING_VERSION = 1.0;
				PRODUCT_BUNDLE_IDENTIFIER = com.spd.CollectIndexUITests;
				PRODUCT_NAME = "$(TARGET_NAME)";
				SWIFT_EMIT_LOC_STRINGS = NO;
				SWIFT_VERSION = 5.0;
				TARGETED_DEVICE_FAMILY = "1,2";
				TEST_TARGET_NAME = CollectIndex;
			};
			name = Debug;
		};
		817EE14A2CAB040A0060C583 /* Release */ = {
			isa = XCBuildConfiguration;
			buildSettings = {
				CODE_SIGN_STYLE = Automatic;
				CURRENT_PROJECT_VERSION = 1;
				DEVELOPMENT_TEAM = 579PX8SUNC;
				GENERATE_INFOPLIST_FILE = YES;
				MARKETING_VERSION = 1.0;
				PRODUCT_BUNDLE_IDENTIFIER = com.spd.CollectIndexUITests;
				PRODUCT_NAME = "$(TARGET_NAME)";
				SWIFT_EMIT_LOC_STRINGS = NO;
				SWIFT_VERSION = 5.0;
				TARGETED_DEVICE_FAMILY = "1,2";
				TEST_TARGET_NAME = CollectIndex;
			};
			name = Release;
		};
/* End XCBuildConfiguration section */

/* Begin XCConfigurationList section */
		817EE1192CAB04090060C583 /* Build configuration list for PBXProject "CollectIndex" */ = {
			isa = XCConfigurationList;
			buildConfigurations = (
				817EE1402CAB040A0060C583 /* Debug */,
				817EE1412CAB040A0060C583 /* Release */,
			);
			defaultConfigurationIsVisible = 0;
			defaultConfigurationName = Release;
		};
		817EE1422CAB040A0060C583 /* Build configuration list for PBXNativeTarget "CollectIndex" */ = {
			isa = XCConfigurationList;
			buildConfigurations = (
				817EE1432CAB040A0060C583 /* Debug */,
				817EE1442CAB040A0060C583 /* Release */,
			);
			defaultConfigurationIsVisible = 0;
			defaultConfigurationName = Release;
		};
		817EE1452CAB040A0060C583 /* Build configuration list for PBXNativeTarget "CollectIndexTests" */ = {
			isa = XCConfigurationList;
			buildConfigurations = (
				817EE1462CAB040A0060C583 /* Debug */,
				817EE1472CAB040A0060C583 /* Release */,
			);
			defaultConfigurationIsVisible = 0;
			defaultConfigurationName = Release;
		};
		817EE1482CAB040A0060C583 /* Build configuration list for PBXNativeTarget "CollectIndexUITests" */ = {
			isa = XCConfigurationList;
			buildConfigurations = (
				817EE1492CAB040A0060C583 /* Debug */,
				817EE14A2CAB040A0060C583 /* Release */,
			);
			defaultConfigurationIsVisible = 0;
			defaultConfigurationName = Release;
		};
/* End XCConfigurationList section */
	};
	rootObject = 817EE1162CAB04090060C583 /* Project object */;
}
